// !$*UTF8*$!
{
	archiveVersion = 1;
	classes = {
	};
	objectVersion = 50;
	objects = {

/* Begin PBXBuildFile section */
		741676CCA35988505B85BBFD /* Pods_Reddit_Clone.framework in Frameworks */ = {isa = PBXBuildFile; fileRef = 248C51370C10E0E1EED3A22B /* Pods_Reddit_Clone.framework */; };
		8F00575C20C7B7D700AAD040 /* Spinner.swift in Sources */ = {isa = PBXBuildFile; fileRef = 8F00575B20C7B7D700AAD040 /* Spinner.swift */; };
		8F7229A22097304500B2DBBA /* RedditDataModel.swift in Sources */ = {isa = PBXBuildFile; fileRef = 8F7229A12097304500B2DBBA /* RedditDataModel.swift */; };
		8F8FD5D52085DB38001C1B90 /* AppDelegate.swift in Sources */ = {isa = PBXBuildFile; fileRef = 8F8FD5D42085DB38001C1B90 /* AppDelegate.swift */; };
		8F8FD5D72085DB38001C1B90 /* RedditListVC.swift in Sources */ = {isa = PBXBuildFile; fileRef = 8F8FD5D62085DB38001C1B90 /* RedditListVC.swift */; };
		8F8FD5DA2085DB38001C1B90 /* Main.storyboard in Resources */ = {isa = PBXBuildFile; fileRef = 8F8FD5D82085DB38001C1B90 /* Main.storyboard */; };
		8F8FD5DC2085DB39001C1B90 /* Assets.xcassets in Resources */ = {isa = PBXBuildFile; fileRef = 8F8FD5DB2085DB39001C1B90 /* Assets.xcassets */; };
		8F8FD5DF2085DB39001C1B90 /* LaunchScreen.storyboard in Resources */ = {isa = PBXBuildFile; fileRef = 8F8FD5DD2085DB39001C1B90 /* LaunchScreen.storyboard */; };
		8FB79D9E20AC44950005F633 /* SubscribeDataModel.swift in Sources */ = {isa = PBXBuildFile; fileRef = 8FB79D9D20AC44950005F633 /* SubscribeDataModel.swift */; };
		8FD49F31208DFD6000283BDC /* RedditCVCell1.swift in Sources */ = {isa = PBXBuildFile; fileRef = 8FD49F2F208DFD6000283BDC /* RedditCVCell1.swift */; };
		8FD49F35208E04A200283BDC /* RedditCVCell2.swift in Sources */ = {isa = PBXBuildFile; fileRef = 8FD49F33208E04A200283BDC /* RedditCVCell2.swift */; };
		8FD49F3D208E051500283BDC /* RedditCVCell3.swift in Sources */ = {isa = PBXBuildFile; fileRef = 8FD49F3B208E051500283BDC /* RedditCVCell3.swift */; };
		8FD77BC220B6B46D00C65438 /* RedditPresenter.swift in Sources */ = {isa = PBXBuildFile; fileRef = 8FD77BC120B6B46D00C65438 /* RedditPresenter.swift */; };
		8FEC571520B74D7E00EF127E /* RedditRepository.swift in Sources */ = {isa = PBXBuildFile; fileRef = 8FEC571420B74D7E00EF127E /* RedditRepository.swift */; };
		8FFFFC6720A542BE00B3A1B7 /* SubscribeCell.swift in Sources */ = {isa = PBXBuildFile; fileRef = 8FFFFC6620A542BE00B3A1B7 /* SubscribeCell.swift */; };
/* End PBXBuildFile section */

/* Begin PBXFileReference section */
		248C51370C10E0E1EED3A22B /* Pods_Reddit_Clone.framework */ = {isa = PBXFileReference; explicitFileType = wrapper.framework; includeInIndex = 0; path = Pods_Reddit_Clone.framework; sourceTree = BUILT_PRODUCTS_DIR; };
		2E5EC9F51565563FB72493FC /* Pods-Reddit-Clone.release.xcconfig */ = {isa = PBXFileReference; includeInIndex = 1; lastKnownFileType = text.xcconfig; name = "Pods-Reddit-Clone.release.xcconfig"; path = "Pods/Target Support Files/Pods-Reddit-Clone/Pods-Reddit-Clone.release.xcconfig"; sourceTree = "<group>"; };
		2F2704901695C3B7053D11C3 /* Pods-Reddit-Clone.debug.xcconfig */ = {isa = PBXFileReference; includeInIndex = 1; lastKnownFileType = text.xcconfig; name = "Pods-Reddit-Clone.debug.xcconfig"; path = "Pods/Target Support Files/Pods-Reddit-Clone/Pods-Reddit-Clone.debug.xcconfig"; sourceTree = "<group>"; };
		8F00575B20C7B7D700AAD040 /* Spinner.swift */ = {isa = PBXFileReference; lastKnownFileType = sourcecode.swift; path = Spinner.swift; sourceTree = "<group>"; };
		8F7229A12097304500B2DBBA /* RedditDataModel.swift */ = {isa = PBXFileReference; lastKnownFileType = sourcecode.swift; path = RedditDataModel.swift; sourceTree = "<group>"; };
		8F8FD5D12085DB38001C1B90 /* Reddit-Clone.app */ = {isa = PBXFileReference; explicitFileType = wrapper.application; includeInIndex = 0; path = "Reddit-Clone.app"; sourceTree = BUILT_PRODUCTS_DIR; };
		8F8FD5D42085DB38001C1B90 /* AppDelegate.swift */ = {isa = PBXFileReference; lastKnownFileType = sourcecode.swift; path = AppDelegate.swift; sourceTree = "<group>"; };
		8F8FD5D62085DB38001C1B90 /* RedditListVC.swift */ = {isa = PBXFileReference; lastKnownFileType = sourcecode.swift; path = RedditListVC.swift; sourceTree = "<group>"; };
		8F8FD5D92085DB38001C1B90 /* Base */ = {isa = PBXFileReference; lastKnownFileType = file.storyboard; name = Base; path = Base.lproj/Main.storyboard; sourceTree = "<group>"; };
		8F8FD5DB2085DB39001C1B90 /* Assets.xcassets */ = {isa = PBXFileReference; lastKnownFileType = folder.assetcatalog; path = Assets.xcassets; sourceTree = "<group>"; };
		8F8FD5DE2085DB39001C1B90 /* Base */ = {isa = PBXFileReference; lastKnownFileType = file.storyboard; name = Base; path = Base.lproj/LaunchScreen.storyboard; sourceTree = "<group>"; };
		8F8FD5E02085DB39001C1B90 /* Info.plist */ = {isa = PBXFileReference; lastKnownFileType = text.plist.xml; path = Info.plist; sourceTree = "<group>"; };
		8FB79D9D20AC44950005F633 /* SubscribeDataModel.swift */ = {isa = PBXFileReference; lastKnownFileType = sourcecode.swift; path = SubscribeDataModel.swift; sourceTree = "<group>"; };
		8FD49F2F208DFD6000283BDC /* RedditCVCell1.swift */ = {isa = PBXFileReference; lastKnownFileType = sourcecode.swift; path = RedditCVCell1.swift; sourceTree = "<group>"; };
		8FD49F33208E04A200283BDC /* RedditCVCell2.swift */ = {isa = PBXFileReference; lastKnownFileType = sourcecode.swift; path = RedditCVCell2.swift; sourceTree = "<group>"; };
		8FD49F3B208E051500283BDC /* RedditCVCell3.swift */ = {isa = PBXFileReference; lastKnownFileType = sourcecode.swift; path = RedditCVCell3.swift; sourceTree = "<group>"; };
		8FD77BC120B6B46D00C65438 /* RedditPresenter.swift */ = {isa = PBXFileReference; lastKnownFileType = sourcecode.swift; path = RedditPresenter.swift; sourceTree = "<group>"; };
		8FEC571420B74D7E00EF127E /* RedditRepository.swift */ = {isa = PBXFileReference; lastKnownFileType = sourcecode.swift; path = RedditRepository.swift; sourceTree = "<group>"; };
		8FFFFC6620A542BE00B3A1B7 /* SubscribeCell.swift */ = {isa = PBXFileReference; lastKnownFileType = sourcecode.swift; path = SubscribeCell.swift; sourceTree = "<group>"; };
/* End PBXFileReference section */

/* Begin PBXFrameworksBuildPhase section */
		8F8FD5CE2085DB38001C1B90 /* Frameworks */ = {
			isa = PBXFrameworksBuildPhase;
			buildActionMask = 2147483647;
			files = (
				741676CCA35988505B85BBFD /* Pods_Reddit_Clone.framework in Frameworks */,
			);
			runOnlyForDeploymentPostprocessing = 0;
		};
/* End PBXFrameworksBuildPhase section */

/* Begin PBXGroup section */
		36D6EAA8EDE72E21F69C78B3 /* Pods */ = {
			isa = PBXGroup;
			children = (
				2F2704901695C3B7053D11C3 /* Pods-Reddit-Clone.debug.xcconfig */,
				2E5EC9F51565563FB72493FC /* Pods-Reddit-Clone.release.xcconfig */,
			);
			name = Pods;
			sourceTree = "<group>";
		};
		8F8FD5C82085DB38001C1B90 = {
			isa = PBXGroup;
			children = (
				8F8FD5D32085DB38001C1B90 /* Reddit-Clone */,
				8F8FD5D22085DB38001C1B90 /* Products */,
				36D6EAA8EDE72E21F69C78B3 /* Pods */,
				B4875ECB4C020C2C72BAE37E /* Frameworks */,
			);
			sourceTree = "<group>";
		};
		8F8FD5D22085DB38001C1B90 /* Products */ = {
			isa = PBXGroup;
			children = (
				8F8FD5D12085DB38001C1B90 /* Reddit-Clone.app */,
			);
			name = Products;
			sourceTree = "<group>";
		};
		8F8FD5D32085DB38001C1B90 /* Reddit-Clone */ = {
			isa = PBXGroup;
			children = (
				8FD77BBD20B6B3DD00C65438 /* Model */,
				8FD49F2A208DED5700283BDC /* View */,
				8FD77BBE20B6B43100C65438 /* Presenter */,
				8F8FD5D42085DB38001C1B90 /* AppDelegate.swift */,
				8F8FD5D82085DB38001C1B90 /* Main.storyboard */,
				8F8FD5DB2085DB39001C1B90 /* Assets.xcassets */,
				8F8FD5DD2085DB39001C1B90 /* LaunchScreen.storyboard */,
				8F8FD5E02085DB39001C1B90 /* Info.plist */,
			);
			path = "Reddit-Clone";
			sourceTree = "<group>";
		};
		8FD49F2A208DED5700283BDC /* View */ = {
			isa = PBXGroup;
			children = (
				8F8FD5D62085DB38001C1B90 /* RedditListVC.swift */,
				8FD49F2F208DFD6000283BDC /* RedditCVCell1.swift */,
				8FD49F33208E04A200283BDC /* RedditCVCell2.swift */,
				8FD49F3B208E051500283BDC /* RedditCVCell3.swift */,
				8FFFFC6620A542BE00B3A1B7 /* SubscribeCell.swift */,
				8F00575B20C7B7D700AAD040 /* Spinner.swift */,
			);
			path = View;
			sourceTree = "<group>";
		};
		8FD77BBD20B6B3DD00C65438 /* Model */ = {
			isa = PBXGroup;
			children = (
				8F7229A12097304500B2DBBA /* RedditDataModel.swift */,
				8FB79D9D20AC44950005F633 /* SubscribeDataModel.swift */,
				8FEC571420B74D7E00EF127E /* RedditRepository.swift */,
			);
			path = Model;
			sourceTree = "<group>";
		};
		8FD77BBE20B6B43100C65438 /* Presenter */ = {
			isa = PBXGroup;
			children = (
				8FD77BC120B6B46D00C65438 /* RedditPresenter.swift */,
			);
			path = Presenter;
			sourceTree = "<group>";
		};
		B4875ECB4C020C2C72BAE37E /* Frameworks */ = {
			isa = PBXGroup;
			children = (
				248C51370C10E0E1EED3A22B /* Pods_Reddit_Clone.framework */,
			);
			name = Frameworks;
			sourceTree = "<group>";
		};
/* End PBXGroup section */

/* Begin PBXNativeTarget section */
		8F8FD5D02085DB38001C1B90 /* Reddit-Clone */ = {
			isa = PBXNativeTarget;
			buildConfigurationList = 8F8FD5E32085DB39001C1B90 /* Build configuration list for PBXNativeTarget "Reddit-Clone" */;
			buildPhases = (
				B05826B6D5853B7E0C32072E /* [CP] Check Pods Manifest.lock */,
				8F8FD5CD2085DB38001C1B90 /* Sources */,
				8F8FD5CE2085DB38001C1B90 /* Frameworks */,
				8F8FD5CF2085DB38001C1B90 /* Resources */,
				1BDC258D4A98D268D6D720CA /* [CP] Embed Pods Frameworks */,
			);
			buildRules = (
			);
			dependencies = (
			);
			name = "Reddit-Clone";
			productName = "Reddit-Clone";
			productReference = 8F8FD5D12085DB38001C1B90 /* Reddit-Clone.app */;
			productType = "com.apple.product-type.application";
		};
/* End PBXNativeTarget section */

/* Begin PBXProject section */
		8F8FD5C92085DB38001C1B90 /* Project object */ = {
			isa = PBXProject;
			attributes = {
				LastSwiftUpdateCheck = 0930;
				LastUpgradeCheck = 0930;
				ORGANIZATIONNAME = "Maria Xina Rae Torres";
				TargetAttributes = {
					8F8FD5D02085DB38001C1B90 = {
						CreatedOnToolsVersion = 9.3;
					};
				};
			};
			buildConfigurationList = 8F8FD5CC2085DB38001C1B90 /* Build configuration list for PBXProject "Reddit-Clone" */;
			compatibilityVersion = "Xcode 9.3";
			developmentRegion = en;
			hasScannedForEncodings = 0;
			knownRegions = (
				en,
				Base,
			);
			mainGroup = 8F8FD5C82085DB38001C1B90;
			productRefGroup = 8F8FD5D22085DB38001C1B90 /* Products */;
			projectDirPath = "";
			projectRoot = "";
			targets = (
				8F8FD5D02085DB38001C1B90 /* Reddit-Clone */,
			);
		};
/* End PBXProject section */

/* Begin PBXResourcesBuildPhase section */
		8F8FD5CF2085DB38001C1B90 /* Resources */ = {
			isa = PBXResourcesBuildPhase;
			buildActionMask = 2147483647;
			files = (
				8F8FD5DF2085DB39001C1B90 /* LaunchScreen.storyboard in Resources */,
				8F8FD5DC2085DB39001C1B90 /* Assets.xcassets in Resources */,
				8F8FD5DA2085DB38001C1B90 /* Main.storyboard in Resources */,
			);
			runOnlyForDeploymentPostprocessing = 0;
		};
/* End PBXResourcesBuildPhase section */

/* Begin PBXShellScriptBuildPhase section */
		1BDC258D4A98D268D6D720CA /* [CP] Embed Pods Frameworks */ = {
			isa = PBXShellScriptBuildPhase;
			buildActionMask = 2147483647;
			files = (
			);
			inputPaths = (
				"${SRCROOT}/Pods/Target Support Files/Pods-Reddit-Clone/Pods-Reddit-Clone-frameworks.sh",
				"${BUILT_PRODUCTS_DIR}/Alamofire/Alamofire.framework",
				"${BUILT_PRODUCTS_DIR}/Kingfisher/Kingfisher.framework",
				"${BUILT_PRODUCTS_DIR}/SVProgressHUD/SVProgressHUD.framework",
				"${BUILT_PRODUCTS_DIR}/SwiftyJSON/SwiftyJSON.framework",
			);
			name = "[CP] Embed Pods Frameworks";
			outputPaths = (
				"${TARGET_BUILD_DIR}/${FRAMEWORKS_FOLDER_PATH}/Alamofire.framework",
				"${TARGET_BUILD_DIR}/${FRAMEWORKS_FOLDER_PATH}/Kingfisher.framework",
				"${TARGET_BUILD_DIR}/${FRAMEWORKS_FOLDER_PATH}/SVProgressHUD.framework",
				"${TARGET_BUILD_DIR}/${FRAMEWORKS_FOLDER_PATH}/SwiftyJSON.framework",
			);
			runOnlyForDeploymentPostprocessing = 0;
			shellPath = /bin/sh;
			shellScript = "\"${SRCROOT}/Pods/Target Support Files/Pods-Reddit-Clone/Pods-Reddit-Clone-frameworks.sh\"\n";
			showEnvVarsInLog = 0;
		};
		B05826B6D5853B7E0C32072E /* [CP] Check Pods Manifest.lock */ = {
			isa = PBXShellScriptBuildPhase;
			buildActionMask = 2147483647;
			files = (
			);
			inputPaths = (
				"${PODS_PODFILE_DIR_PATH}/Podfile.lock",
				"${PODS_ROOT}/Manifest.lock",
			);
			name = "[CP] Check Pods Manifest.lock";
			outputPaths = (
				"$(DERIVED_FILE_DIR)/Pods-Reddit-Clone-checkManifestLockResult.txt",
			);
			runOnlyForDeploymentPostprocessing = 0;
			shellPath = /bin/sh;
			shellScript = "diff \"${PODS_PODFILE_DIR_PATH}/Podfile.lock\" \"${PODS_ROOT}/Manifest.lock\" > /dev/null\nif [ $? != 0 ] ; then\n    # print error to STDERR\n    echo \"error: The sandbox is not in sync with the Podfile.lock. Run 'pod install' or update your CocoaPods installation.\" >&2\n    exit 1\nfi\n# This output is used by Xcode 'outputs' to avoid re-running this script phase.\necho \"SUCCESS\" > \"${SCRIPT_OUTPUT_FILE_0}\"\n";
			showEnvVarsInLog = 0;
		};
/* End PBXShellScriptBuildPhase section */

/* Begin PBXSourcesBuildPhase section */
		8F8FD5CD2085DB38001C1B90 /* Sources */ = {
			isa = PBXSourcesBuildPhase;
			buildActionMask = 2147483647;
			files = (
				8F00575C20C7B7D700AAD040 /* Spinner.swift in Sources */,
				8FFFFC6720A542BE00B3A1B7 /* SubscribeCell.swift in Sources */,
				8FD49F3D208E051500283BDC /* RedditCVCell3.swift in Sources */,
				8FEC571520B74D7E00EF127E /* RedditRepository.swift in Sources */,
				8FD49F35208E04A200283BDC /* RedditCVCell2.swift in Sources */,
				8FB79D9E20AC44950005F633 /* SubscribeDataModel.swift in Sources */,
				8FD49F31208DFD6000283BDC /* RedditCVCell1.swift in Sources */,
				8FD77BC220B6B46D00C65438 /* RedditPresenter.swift in Sources */,
				8F8FD5D72085DB38001C1B90 /* RedditListVC.swift in Sources */,
				8F7229A22097304500B2DBBA /* RedditDataModel.swift in Sources */,
				8F8FD5D52085DB38001C1B90 /* AppDelegate.swift in Sources */,
			);
			runOnlyForDeploymentPostprocessing = 0;
		};
/* End PBXSourcesBuildPhase section */

/* Begin PBXVariantGroup section */
		8F8FD5D82085DB38001C1B90 /* Main.storyboard */ = {
			isa = PBXVariantGroup;
			children = (
				8F8FD5D92085DB38001C1B90 /* Base */,
			);
			name = Main.storyboard;
			sourceTree = "<group>";
		};
		8F8FD5DD2085DB39001C1B90 /* LaunchScreen.storyboard */ = {
			isa = PBXVariantGroup;
			children = (
				8F8FD5DE2085DB39001C1B90 /* Base */,
			);
			name = LaunchScreen.storyboard;
			sourceTree = "<group>";
		};
/* End PBXVariantGroup section */

/* Begin XCBuildConfiguration section */
		8F8FD5E12085DB39001C1B90 /* Debug */ = {
			isa = XCBuildConfiguration;
			buildSettings = {
				ALWAYS_SEARCH_USER_PATHS = NO;
				CLANG_ANALYZER_NONNULL = YES;
				CLANG_ANALYZER_NUMBER_OBJECT_CONVERSION = YES_AGGRESSIVE;
				CLANG_CXX_LANGUAGE_STANDARD = "gnu++14";
				CLANG_CXX_LIBRARY = "libc++";
				CLANG_ENABLE_MODULES = YES;
				CLANG_ENABLE_OBJC_ARC = YES;
				CLANG_ENABLE_OBJC_WEAK = YES;
				CLANG_WARN_BLOCK_CAPTURE_AUTORELEASING = YES;
				CLANG_WARN_BOOL_CONVERSION = YES;
				CLANG_WARN_COMMA = YES;
				CLANG_WARN_CONSTANT_CONVERSION = YES;
				CLANG_WARN_DEPRECATED_OBJC_IMPLEMENTATIONS = YES;
				CLANG_WARN_DIRECT_OBJC_ISA_USAGE = YES_ERROR;
				CLANG_WARN_DOCUMENTATION_COMMENTS = YES;
				CLANG_WARN_EMPTY_BODY = YES;
				CLANG_WARN_ENUM_CONVERSION = YES;
				CLANG_WARN_INFINITE_RECURSION = YES;
				CLANG_WARN_INT_CONVERSION = YES;
				CLANG_WARN_NON_LITERAL_NULL_CONVERSION = YES;
				CLANG_WARN_OBJC_IMPLICIT_RETAIN_SELF = YES;
				CLANG_WARN_OBJC_LITERAL_CONVERSION = YES;
				CLANG_WARN_OBJC_ROOT_CLASS = YES_ERROR;
				CLANG_WARN_RANGE_LOOP_ANALYSIS = YES;
				CLANG_WARN_STRICT_PROTOTYPES = YES;
				CLANG_WARN_SUSPICIOUS_MOVE = YES;
				CLANG_WARN_UNGUARDED_AVAILABILITY = YES_AGGRESSIVE;
				CLANG_WARN_UNREACHABLE_CODE = YES;
				CLANG_WARN__DUPLICATE_METHOD_MATCH = YES;
				CODE_SIGN_IDENTITY = "iPhone Developer";
				COPY_PHASE_STRIP = NO;
				DEBUG_INFORMATION_FORMAT = dwarf;
				ENABLE_STRICT_OBJC_MSGSEND = YES;
				ENABLE_TESTABILITY = YES;
				GCC_C_LANGUAGE_STANDARD = gnu11;
				GCC_DYNAMIC_NO_PIC = NO;
				GCC_NO_COMMON_BLOCKS = YES;
				GCC_OPTIMIZATION_LEVEL = 0;
				GCC_PREPROCESSOR_DEFINITIONS = (
					"DEBUG=1",
					"$(inherited)",
				);
				GCC_WARN_64_TO_32_BIT_CONVERSION = YES;
				GCC_WARN_ABOUT_RETURN_TYPE = YES_ERROR;
				GCC_WARN_UNDECLARED_SELECTOR = YES;
				GCC_WARN_UNINITIALIZED_AUTOS = YES_AGGRESSIVE;
				GCC_WARN_UNUSED_FUNCTION = YES;
				GCC_WARN_UNUSED_VARIABLE = YES;
				IPHONEOS_DEPLOYMENT_TARGET = 11.3;
				MTL_ENABLE_DEBUG_INFO = YES;
				ONLY_ACTIVE_ARCH = YES;
				SDKROOT = iphoneos;
				SWIFT_ACTIVE_COMPILATION_CONDITIONS = DEBUG;
				SWIFT_OPTIMIZATION_LEVEL = "-Onone";
			};
			name = Debug;
		};
		8F8FD5E22085DB39001C1B90 /* Release */ = {
			isa = XCBuildConfiguration;
			buildSettings = {
				ALWAYS_SEARCH_USER_PATHS = NO;
				CLANG_ANALYZER_NONNULL = YES;
				CLANG_ANALYZER_NUMBER_OBJECT_CONVERSION = YES_AGGRESSIVE;
				CLANG_CXX_LANGUAGE_STANDARD = "gnu++14";
				CLANG_CXX_LIBRARY = "libc++";
				CLANG_ENABLE_MODULES = YES;
				CLANG_ENABLE_OBJC_ARC = YES;
				CLANG_ENABLE_OBJC_WEAK = YES;
				CLANG_WARN_BLOCK_CAPTURE_AUTORELEASING = YES;
				CLANG_WARN_BOOL_CONVERSION = YES;
				CLANG_WARN_COMMA = YES;
				CLANG_WARN_CONSTANT_CONVERSION = YES;
				CLANG_WARN_DEPRECATED_OBJC_IMPLEMENTATIONS = YES;
				CLANG_WARN_DIRECT_OBJC_ISA_USAGE = YES_ERROR;
				CLANG_WARN_DOCUMENTATION_COMMENTS = YES;
				CLANG_WARN_EMPTY_BODY = YES;
				CLANG_WARN_ENUM_CONVERSION = YES;
				CLANG_WARN_INFINITE_RECURSION = YES;
				CLANG_WARN_INT_CONVERSION = YES;
				CLANG_WARN_NON_LITERAL_NULL_CONVERSION = YES;
				CLANG_WARN_OBJC_IMPLICIT_RETAIN_SELF = YES;
				CLANG_WARN_OBJC_LITERAL_CONVERSION = YES;
				CLANG_WARN_OBJC_ROOT_CLASS = YES_ERROR;
				CLANG_WARN_RANGE_LOOP_ANALYSIS = YES;
				CLANG_WARN_STRICT_PROTOTYPES = YES;
				CLANG_WARN_SUSPICIOUS_MOVE = YES;
				CLANG_WARN_UNGUARDED_AVAILABILITY = YES_AGGRESSIVE;
				CLANG_WARN_UNREACHABLE_CODE = YES;
				CLANG_WARN__DUPLICATE_METHOD_MATCH = YES;
				CODE_SIGN_IDENTITY = "iPhone Developer";
				COPY_PHASE_STRIP = NO;
				DEBUG_INFORMATION_FORMAT = "dwarf-with-dsym";
				ENABLE_NS_ASSERTIONS = NO;
				ENABLE_STRICT_OBJC_MSGSEND = YES;
				GCC_C_LANGUAGE_STANDARD = gnu11;
				GCC_NO_COMMON_BLOCKS = YES;
				GCC_WARN_64_TO_32_BIT_CONVERSION = YES;
				GCC_WARN_ABOUT_RETURN_TYPE = YES_ERROR;
				GCC_WARN_UNDECLARED_SELECTOR = YES;
				GCC_WARN_UNINITIALIZED_AUTOS = YES_AGGRESSIVE;
				GCC_WARN_UNUSED_FUNCTION = YES;
				GCC_WARN_UNUSED_VARIABLE = YES;
				IPHONEOS_DEPLOYMENT_TARGET = 11.3;
				MTL_ENABLE_DEBUG_INFO = NO;
				SDKROOT = iphoneos;
				SWIFT_COMPILATION_MODE = wholemodule;
				SWIFT_OPTIMIZATION_LEVEL = "-O";
				VALIDATE_PRODUCT = YES;
			};
			name = Release;
		};
		8F8FD5E42085DB39001C1B90 /* Debug */ = {
			isa = XCBuildConfiguration;
			baseConfigurationReference = 2F2704901695C3B7053D11C3 /* Pods-Reddit-Clone.debug.xcconfig */;
			buildSettings = {
				ASSETCATALOG_COMPILER_APPICON_NAME = AppIcon;
				CODE_SIGN_STYLE = Automatic;
				DEVELOPMENT_TEAM = DPF2ETUA8R;
				INFOPLIST_FILE = "Reddit-Clone/Info.plist";
				LD_RUNPATH_SEARCH_PATHS = (
					"$(inherited)",
					"@executable_path/Frameworks",
				);
				PRODUCT_BUNDLE_IDENTIFIER = "com.xinatorres.Reddit-Clone";
				PRODUCT_NAME = "$(TARGET_NAME)";
				SWIFT_VERSION = 4.0;
				TARGETED_DEVICE_FAMILY = "1,2";
			};
			name = Debug;
		};
		8F8FD5E52085DB39001C1B90 /* Release */ = {
			isa = XCBuildConfiguration;
			baseConfigurationReference = 2E5EC9F51565563FB72493FC /* Pods-Reddit-Clone.release.xcconfig */;
			buildSettings = {
				ASSETCATALOG_COMPILER_APPICON_NAME = AppIcon;
				CODE_SIGN_STYLE = Automatic;
				DEVELOPMENT_TEAM = DPF2ETUA8R;
				INFOPLIST_FILE = "Reddit-Clone/Info.plist";
				LD_RUNPATH_SEARCH_PATHS = (
					"$(inherited)",
					"@executable_path/Frameworks",
				);
				PRODUCT_BUNDLE_IDENTIFIER = "com.xinatorres.Reddit-Clone";
				PRODUCT_NAME = "$(TARGET_NAME)";
				SWIFT_VERSION = 4.0;
				TARGETED_DEVICE_FAMILY = "1,2";
			};
			name = Release;
		};
/* End XCBuildConfiguration section */

/* Begin XCConfigurationList section */
		8F8FD5CC2085DB38001C1B90 /* Build configuration list for PBXProject "Reddit-Clone" */ = {
			isa = XCConfigurationList;
			buildConfigurations = (
				8F8FD5E12085DB39001C1B90 /* Debug */,
				8F8FD5E22085DB39001C1B90 /* Release */,
			);
			defaultConfigurationIsVisible = 0;
			defaultConfigurationName = Release;
		};
		8F8FD5E32085DB39001C1B90 /* Build configuration list for PBXNativeTarget "Reddit-Clone" */ = {
			isa = XCConfigurationList;
			buildConfigurations = (
				8F8FD5E42085DB39001C1B90 /* Debug */,
				8F8FD5E52085DB39001C1B90 /* Release */,
			);
			defaultConfigurationIsVisible = 0;
			defaultConfigurationName = Release;
		};
/* End XCConfigurationList section */
	};
	rootObject = 8F8FD5C92085DB38001C1B90 /* Project object */;
}
